
Microsoft Visual Studio Solution File, Format Version 12.00
# Visual Studio 15
VisualStudioVersion = 15.0.28307.572
MinimumVisualStudioVersion = 10.0.40219.1
Project("{FAE04EC0-301F-11D3-BF4B-00C04F79EFBC}") = "TeamSpace", "TeamSpace\TeamSpace.csproj", "{6EB37864-CFD9-4844-878A-1A00EB865EED}"
EndProject
Global
	GlobalSection(SolutionConfigurationPlatforms) = preSolution
		Debug|Any CPU = Debug|Any CPU
		Release|Any CPU = Release|Any CPU
	EndGlobalSection
	GlobalSection(ProjectConfigurationPlatforms) = postSolution
		{6EB37864-CFD9-4844-878A-1A00EB865EED}.Debug|Any CPU.ActiveCfg = Debug|Any CPU
		{6EB37864-CFD9-4844-878A-1A00EB865EED}.Debug|Any CPU.Build.0 = Debug|Any CPU
		{6EB37864-CFD9-4844-878A-1A00EB865EED}.Release|Any CPU.ActiveCfg = Release|Any CPU
		{6EB37864-CFD9-4844-878A-1A00EB865EED}.Release|Any CPU.Build.0 = Release|Any CPU
	EndGlobalSection
	GlobalSection(SolutionProperties) = preSolution
		HideSolutionNode = FALSE
	EndGlobalSection
	GlobalSection(ExtensibilityGlobals) = postSolution
		SolutionGuid = {C95700D0-932E-4809-B48D-5F261C3FC7C6}
	EndGlobalSection
EndGlobal
